<?xml version="1.0" encoding="utf-8"?>
<Project ToolsVersion="4.0" xmlns="http://schemas.microsoft.com/developer/msbuild/2003">
  <ItemGroup>
    <Filter Include="リソース ファイル">
      <UniqueIdentifier>{67DA6AB6-F800-4c08-8B7A-83BB121AAD01}</UniqueIdentifier>
      <Extensions>rc;ico;cur;bmp;dlg;rc2;rct;bin;rgs;gif;jpg;jpeg;jpe;resx;tiff;tif;png;wav;mfcribbon-ms</Extensions>
    </Filter>
    <Filter Include="01Engine">
      <UniqueIdentifier>{e5fccdcb-f299-4448-bdb6-01fa28039576}</UniqueIdentifier>
    </Filter>
    <Filter Include="01Engine\Collider">
      <UniqueIdentifier>{7f19ecfb-5d70-4d31-a1f7-c9dd14bad324}</UniqueIdentifier>
    </Filter>
    <Filter Include="01Engine\DirectX">
      <UniqueIdentifier>{e56f8c9a-95a5-4ceb-b65f-5b8e572d087b}</UniqueIdentifier>
    </Filter>
    <Filter Include="01Engine\GameObject">
      <UniqueIdentifier>{b450e438-c939-4b05-b319-0e3c0b4a335c}</UniqueIdentifier>
    </Filter>
    <Filter Include="01Engine\ResourceManager">
      <UniqueIdentifier>{bedee914-5063-4c08-95bb-79c861b4969c}</UniqueIdentifier>
    </Filter>
    <Filter Include="02Shader">
      <UniqueIdentifier>{47a6a3f5-8cfd-436b-8d58-beccd108f3f3}</UniqueIdentifier>
      <Extensions>hlsl</Extensions>
    </Filter>
    <Filter Include="01Engine\ImGui">
      <UniqueIdentifier>{b9a7b375-8c63-4ea3-9171-cc52601655d7}</UniqueIdentifier>
    </Filter>
    <Filter Include="01Engine\Json">
      <UniqueIdentifier>{fcc430ef-4ba4-44a7-a034-c16a6b0376a7}</UniqueIdentifier>
    </Filter>
    <Filter Include="03Game">
      <UniqueIdentifier>{fc36f113-d355-4f42-adca-9e1f3fbd2f61}</UniqueIdentifier>
    </Filter>
    <Filter Include="03Game\Scenes">
      <UniqueIdentifier>{fd78e0a3-3bb5-47e0-beb2-a9b874f3016b}</UniqueIdentifier>
    </Filter>
    <Filter Include="03Game\Scenes\TitleScene">
      <UniqueIdentifier>{12422b82-424e-4267-87fd-7df5b21c6905}</UniqueIdentifier>
    </Filter>
    <Filter Include="03Game\Scenes\TestScene">
      <UniqueIdentifier>{a1006bea-ac8d-4a4b-bb8e-58ae434ddf6c}</UniqueIdentifier>
    </Filter>
    <Filter Include="03Game\Objects">
      <UniqueIdentifier>{82f82f48-0e37-4f93-8904-6ba7a21778e8}</UniqueIdentifier>
    </Filter>
    <Filter Include="03Game\Objects\Player">
      <UniqueIdentifier>{a083c9f6-5a3a-4ba8-9270-a2551c27fe5e}</UniqueIdentifier>
    </Filter>
    <Filter Include="03Game\Objects\Stage">
      <UniqueIdentifier>{ce7d77be-f524-434d-bb88-51cb9fae7610}</UniqueIdentifier>
    </Filter>
    <Filter Include="03Game\Objects\GUI">
      <UniqueIdentifier>{212346b5-5035-4947-bc30-0cc222b2d359}</UniqueIdentifier>
    </Filter>
    <Filter Include="03Game\Objects\Camera">
      <UniqueIdentifier>{a090a9ff-6f99-4594-a215-bc151e71a72b}</UniqueIdentifier>
    </Filter>
    <Filter Include="03Game\Objects\Enemy">
      <UniqueIdentifier>{ae117e51-9892-4e83-8837-c1748833c7c4}</UniqueIdentifier>
    </Filter>
    <Filter Include="03Game\Objects\Coin">
      <UniqueIdentifier>{3c4d1808-c216-42b2-9662-02d75b9dd9a8}</UniqueIdentifier>
    </Filter>
  </ItemGroup>
  <ItemGroup>
    <ClCompile Include="Engine\Main.cpp">
      <Filter>01Engine</Filter>
    </ClCompile>
    <ClCompile Include="Engine\SceneManager.cpp">
      <Filter>01Engine</Filter>
    </ClCompile>
    <ClCompile Include="Engine\Collider\BoxCollider.cpp">
      <Filter>01Engine\Collider</Filter>
    </ClCompile>
    <ClCompile Include="Engine\Collider\Collider.cpp">
      <Filter>01Engine\Collider</Filter>
    </ClCompile>
    <ClCompile Include="Engine\Collider\SphereCollider.cpp">
      <Filter>01Engine\Collider</Filter>
    </ClCompile>
    <ClCompile Include="Engine\DirectX\BillBoard.cpp">
      <Filter>01Engine\DirectX</Filter>
    </ClCompile>
    <ClCompile Include="Engine\DirectX\Direct3D.cpp">
      <Filter>01Engine\DirectX</Filter>
    </ClCompile>
    <ClCompile Include="Engine\DirectX\Fbx.cpp">
      <Filter>01Engine\DirectX</Filter>
    </ClCompile>
    <ClCompile Include="Engine\DirectX\FbxParts.cpp">
      <Filter>01Engine\DirectX</Filter>
    </ClCompile>
    <ClCompile Include="Engine\DirectX\Input.cpp">
      <Filter>01Engine\DirectX</Filter>
    </ClCompile>
    <ClCompile Include="Engine\DirectX\Sprite.cpp">
      <Filter>01Engine\DirectX</Filter>
    </ClCompile>
    <ClCompile Include="Engine\DirectX\Texture.cpp">
      <Filter>01Engine\DirectX</Filter>
    </ClCompile>
    <ClCompile Include="Engine\GameObject\Camera.cpp">
      <Filter>01Engine\GameObject</Filter>
    </ClCompile>
    <ClCompile Include="Engine\GameObject\GameObject.cpp">
      <Filter>01Engine\GameObject</Filter>
    </ClCompile>
    <ClCompile Include="Engine\GameObject\RootObject.cpp">
      <Filter>01Engine\GameObject</Filter>
    </ClCompile>
    <ClCompile Include="Engine\GameObject\Transform.cpp">
      <Filter>01Engine\GameObject</Filter>
    </ClCompile>
    <ClCompile Include="Engine\ResourceManager\Audio.cpp">
      <Filter>01Engine\ResourceManager</Filter>
    </ClCompile>
    <ClCompile Include="Engine\ResourceManager\CsvReader.cpp">
      <Filter>01Engine\ResourceManager</Filter>
    </ClCompile>
    <ClCompile Include="Engine\ResourceManager\Debug.cpp">
      <Filter>01Engine\ResourceManager</Filter>
    </ClCompile>
    <ClCompile Include="Engine\ResourceManager\Image.cpp">
      <Filter>01Engine\ResourceManager</Filter>
    </ClCompile>
    <ClCompile Include="Engine\ResourceManager\Model.cpp">
      <Filter>01Engine\ResourceManager</Filter>
    </ClCompile>
    <ClCompile Include="Engine\ResourceManager\Text.cpp">
      <Filter>01Engine\ResourceManager</Filter>
    </ClCompile>
    <ClCompile Include="Engine\ResourceManager\VFX.cpp">
      <Filter>01Engine\ResourceManager</Filter>
    </ClCompile>
    <ClCompile Include="Engine\ImGui\imgui.cpp">
      <Filter>01Engine\ImGui</Filter>
    </ClCompile>
    <ClCompile Include="Engine\ImGui\imgui_draw.cpp">
      <Filter>01Engine\ImGui</Filter>
    </ClCompile>
    <ClCompile Include="Engine\ImGui\imgui_impl_dx11.cpp">
      <Filter>01Engine\ImGui</Filter>
    </ClCompile>
    <ClCompile Include="Engine\ImGui\imgui_impl_win32.cpp">
      <Filter>01Engine\ImGui</Filter>
    </ClCompile>
    <ClCompile Include="Engine\ImGui\imgui_tables.cpp">
      <Filter>01Engine\ImGui</Filter>
    </ClCompile>
    <ClCompile Include="Engine\ImGui\imgui_widgets.cpp">
      <Filter>01Engine\ImGui</Filter>
    </ClCompile>
    <ClCompile Include="Engine\Transition.cpp">
      <Filter>01Engine</Filter>
    </ClCompile>
    <ClCompile Include="Engine\Json\JsonReader.cpp">
      <Filter>01Engine\Json</Filter>
    </ClCompile>
    <ClCompile Include="Game\Scenes\TitleScene.cpp">
      <Filter>03Game\Scenes\TitleScene</Filter>
    </ClCompile>
    <ClCompile Include="Game\Scenes\TestScene.cpp">
      <Filter>03Game\Scenes\TestScene</Filter>
    </ClCompile>
    <ClCompile Include="Game\Objects\Player.cpp">
      <Filter>03Game\Objects\Player</Filter>
    </ClCompile>
    <ClCompile Include="Game\Objects\Stages\Stage.cpp">
      <Filter>03Game\Objects\Stage</Filter>
    </ClCompile>
    <ClCompile Include="Game\Objects\Stages\StageObject.cpp">
      <Filter>03Game\Objects\Stage</Filter>
    </ClCompile>
    <ClCompile Include="Game\Objects\UI\UIPanel.cpp">
      <Filter>03Game\Objects\GUI</Filter>
    </ClCompile>
    <ClCompile Include="Game\Objects\EditorCamera.cpp">
      <Filter>03Game\Objects\Camera</Filter>
    </ClCompile>
    <ClCompile Include="Game\Objects\TPSCamera.cpp">
      <Filter>03Game\Objects\Camera</Filter>
    </ClCompile>
    <ClCompile Include="Game\Objects\SkySphere.cpp">
      <Filter>03Game\Objects\Stage</Filter>
    </ClCompile>
    <ClCompile Include="Game\Objects\UI\CrossHair.cpp">
      <Filter>03Game\Objects\GUI</Filter>
    </ClCompile>
    <ClCompile Include="Game\Objects\UI\TitleImage.cpp">
      <Filter>03Game\Objects\GUI</Filter>
    </ClCompile>
    <ClCompile Include="Game\Objects\Enemy.cpp">
      <Filter>03Game\Objects\Enemy</Filter>
    </ClCompile>
    <ClCompile Include="Game\Objects\Coin.cpp">
      <Filter>03Game\Objects\Coin</Filter>
    </ClCompile>
  </ItemGroup>
  <ItemGroup>
    <ClInclude Include="Engine\Global.h">
      <Filter>01Engine</Filter>
    </ClInclude>
    <ClInclude Include="Engine\SceneManager.h">
      <Filter>01Engine</Filter>
    </ClInclude>
    <ClInclude Include="Engine\Collider\BoxCollider.h">
      <Filter>01Engine\Collider</Filter>
    </ClInclude>
    <ClInclude Include="Engine\Collider\Collider.h">
      <Filter>01Engine\Collider</Filter>
    </ClInclude>
    <ClInclude Include="Engine\Collider\SphereCollider.h">
      <Filter>01Engine\Collider</Filter>
    </ClInclude>
    <ClInclude Include="Engine\DirectX\BillBoard.h">
      <Filter>01Engine\DirectX</Filter>
    </ClInclude>
    <ClInclude Include="Engine\DirectX\Direct3D.h">
      <Filter>01Engine\DirectX</Filter>
    </ClInclude>
    <ClInclude Include="Engine\DirectX\Fbx.h">
      <Filter>01Engine\DirectX</Filter>
    </ClInclude>
    <ClInclude Include="Engine\DirectX\FbxParts.h">
      <Filter>01Engine\DirectX</Filter>
    </ClInclude>
    <ClInclude Include="Engine\DirectX\Input.h">
      <Filter>01Engine\DirectX</Filter>
    </ClInclude>
    <ClInclude Include="Engine\DirectX\Sprite.h">
      <Filter>01Engine\DirectX</Filter>
    </ClInclude>
    <ClInclude Include="Engine\DirectX\Texture.h">
      <Filter>01Engine\DirectX</Filter>
    </ClInclude>
    <ClInclude Include="Engine\GameObject\Camera.h">
      <Filter>01Engine\GameObject</Filter>
    </ClInclude>
    <ClInclude Include="Engine\GameObject\GameObject.h">
      <Filter>01Engine\GameObject</Filter>
    </ClInclude>
    <ClInclude Include="Engine\GameObject\RootObject.h">
      <Filter>01Engine\GameObject</Filter>
    </ClInclude>
    <ClInclude Include="Engine\GameObject\Transform.h">
      <Filter>01Engine\GameObject</Filter>
    </ClInclude>
    <ClInclude Include="Engine\ResourceManager\Audio.h">
      <Filter>01Engine\ResourceManager</Filter>
    </ClInclude>
    <ClInclude Include="Engine\ResourceManager\CsvReader.h">
      <Filter>01Engine\ResourceManager</Filter>
    </ClInclude>
    <ClInclude Include="Engine\ResourceManager\Debug.h">
      <Filter>01Engine\ResourceManager</Filter>
    </ClInclude>
    <ClInclude Include="Engine\ResourceManager\Image.h">
      <Filter>01Engine\ResourceManager</Filter>
    </ClInclude>
    <ClInclude Include="Engine\ResourceManager\Model.h">
      <Filter>01Engine\ResourceManager</Filter>
    </ClInclude>
    <ClInclude Include="Engine\ResourceManager\Text.h">
      <Filter>01Engine\ResourceManager</Filter>
    </ClInclude>
    <ClInclude Include="Engine\ResourceManager\VFX.h">
      <Filter>01Engine\ResourceManager</Filter>
    </ClInclude>
    <ClInclude Include="Engine\ImGui\imconfig.h">
      <Filter>01Engine\ImGui</Filter>
    </ClInclude>
    <ClInclude Include="Engine\ImGui\imgui.h">
      <Filter>01Engine\ImGui</Filter>
    </ClInclude>
    <ClInclude Include="Engine\ImGui\imgui_impl_dx11.h">
      <Filter>01Engine\ImGui</Filter>
    </ClInclude>
    <ClInclude Include="Engine\ImGui\imgui_impl_win32.h">
      <Filter>01Engine\ImGui</Filter>
    </ClInclude>
    <ClInclude Include="Engine\ImGui\imgui_internal.h">
      <Filter>01Engine\ImGui</Filter>
    </ClInclude>
    <ClInclude Include="Engine\ImGui\imstb_rectpack.h">
      <Filter>01Engine\ImGui</Filter>
    </ClInclude>
    <ClInclude Include="Engine\ImGui\imstb_textedit.h">
      <Filter>01Engine\ImGui</Filter>
    </ClInclude>
    <ClInclude Include="Engine\ImGui\imstb_truetype.h">
      <Filter>01Engine\ImGui</Filter>
    </ClInclude>
    <ClInclude Include="Engine\Json\json.hpp">
      <Filter>01Engine\Json</Filter>
    </ClInclude>
    <ClInclude Include="Engine\Transition.h">
      <Filter>01Engine</Filter>
    </ClInclude>
    <ClInclude Include="Engine\Json\JsonReader.h">
      <Filter>01Engine\Json</Filter>
    </ClInclude>
    <ClInclude Include="Game\Scenes\TitleScene.h">
      <Filter>03Game\Scenes\TitleScene</Filter>
    </ClInclude>
    <ClInclude Include="Game\Scenes\TestScene.h">
      <Filter>03Game\Scenes\TestScene</Filter>
    </ClInclude>
    <ClInclude Include="Game\Objects\Stages\Stage.h">
      <Filter>03Game\Objects\Stage</Filter>
    </ClInclude>
    <ClInclude Include="Game\Objects\Stages\StageObject.h">
      <Filter>03Game\Objects\Stage</Filter>
    </ClInclude>
    <ClInclude Include="Game\Objects\UI\UIPanel.h">
      <Filter>03Game\Objects\GUI</Filter>
    </ClInclude>
    <ClInclude Include="Game\Objects\EditorCamera.h">
      <Filter>03Game\Objects\Camera</Filter>
    </ClInclude>
    <ClInclude Include="Game\Objects\TPSCamera.h">
      <Filter>03Game\Objects\Camera</Filter>
    </ClInclude>
    <ClInclude Include="Game\Objects\SkySphere.h">
      <Filter>03Game\Objects\Stage</Filter>
    </ClInclude>
    <ClInclude Include="Game\Objects\UI\CrossHair.h">
      <Filter>03Game\Objects\GUI</Filter>
    </ClInclude>
    <ClInclude Include="Game\Objects\UI\TitleImage.h">
      <Filter>03Game\Objects\GUI</Filter>
    </ClInclude>
    <ClInclude Include="Game\Objects\Enemy.h">
      <Filter>03Game\Objects\Enemy</Filter>
    </ClInclude>
    <ClInclude Include="Game\Objects\Player.h">
      <Filter>03Game\Objects\Player</Filter>
    </ClInclude>
    <ClInclude Include="Game\Objects\Coin.h">
      <Filter>03Game\Objects\Coin</Filter>
    </ClInclude>
  </ItemGroup>
  <ItemGroup>
    <FxCompile Include="Assets\Shader\Simple2D.hlsl">
      <Filter>02Shader</Filter>
    </FxCompile>
    <FxCompile Include="Assets\Shader\Simple3D.hlsl">
      <Filter>02Shader</Filter>
    </FxCompile>
    <FxCompile Include="Assets\Shader\Debug3D.hlsl">
      <Filter>02Shader</Filter>
    </FxCompile>
    <FxCompile Include="Assets\Shader\BillBoard.hlsl">
      <Filter>02Shader</Filter>
    </FxCompile>
    <FxCompile Include="Assets\Shader\Sky.hlsl">
      <Filter>02Shader</Filter>
    </FxCompile>
  </ItemGroup>
</Project>